
Microsoft Visual Studio Solution File, Format Version 12.00
# Visual Studio Version 17
VisualStudioVersion = 17.3.32922.545
MinimumVisualStudioVersion = 10.0.40219.1
Project("{FAE04EC0-301F-11D3-BF4B-00C04F79EFBC}") = "Casgem_JwtProject", "Casgem_JwtProject\Casgem_JwtProject.csproj", "{BD73EF30-90D1-4471-B670-8190ABABD8F1}"
EndProject
Global
	GlobalSection(SolutionConfigurationPlatforms) = preSolution
		Debug|Any CPU = Debug|Any CPU
		Release|Any CPU = Release|Any CPU
	EndGlobalSection
	GlobalSection(ProjectConfigurationPlatforms) = postSolution
		{BD73EF30-90D1-4471-B670-8190ABABD8F1}.Debug|Any CPU.ActiveCfg = Debug|Any CPU
		{BD73EF30-90D1-4471-B670-8190ABABD8F1}.Debug|Any CPU.Build.0 = Debug|Any CPU
		{BD73EF30-90D1-4471-B670-8190ABABD8F1}.Release|Any CPU.ActiveCfg = Release|Any CPU
		{BD73EF30-90D1-4471-B670-8190ABABD8F1}.Release|Any CPU.Build.0 = Release|Any CPU
	EndGlobalSection
	GlobalSection(SolutionProperties) = preSolution
		HideSolutionNode = FALSE
	EndGlobalSection
	GlobalSection(ExtensibilityGlobals) = postSolution
		SolutionGuid = {A869B0CC-17A8-4340-9842-33203D585ED1}
	EndGlobalSection
EndGlobal
